{
  "name": "react-component-resizable",
  "version": "0.3.0",
  "dependencies": {
    "object-assign": {
      "version": "1.0.0",
      "from": "https://registry.npmjs.org/object-assign/-/object-assign-1.0.0.tgz",
      "resolved": "https://registry.npmjs.org/object-assign/-/object-assign-1.0.0.tgz"
    }
  }
}
